// !$*UTF8*$!
{
	archiveVersion = 1;
	classes = {
	};
	objectVersion = 50;
	objects = {

/* Begin PBXBuildFile section */
		FC9726B224422DA900C30B2D /* AppDelegate.swift in Sources */ = {isa = PBXBuildFile; fileRef = FC9726B124422DA900C30B2D /* AppDelegate.swift */; };
		FC9726B424422DA900C30B2D /* SceneDelegate.swift in Sources */ = {isa = PBXBuildFile; fileRef = FC9726B324422DA900C30B2D /* SceneDelegate.swift */; };
		FC9726B924422DA900C30B2D /* Main.storyboard in Resources */ = {isa = PBXBuildFile; fileRef = FC9726B724422DA900C30B2D /* Main.storyboard */; };
		FC9726BB24422DAB00C30B2D /* Assets.xcassets in Resources */ = {isa = PBXBuildFile; fileRef = FC9726BA24422DAB00C30B2D /* Assets.xcassets */; };
		FC9726BE24422DAB00C30B2D /* LaunchScreen.storyboard in Resources */ = {isa = PBXBuildFile; fileRef = FC9726BC24422DAB00C30B2D /* LaunchScreen.storyboard */; };
		FC9726D224422EB400C30B2D /* UIButtonExtension.swift in Sources */ = {isa = PBXBuildFile; fileRef = FC9726CB24422EB400C30B2D /* UIButtonExtension.swift */; };
		FC9726D324422EB400C30B2D /* GameWord.swift in Sources */ = {isa = PBXBuildFile; fileRef = FC9726CC24422EB400C30B2D /* GameWord.swift */; };
		FC9726D424422EB400C30B2D /* Shark.swift in Sources */ = {isa = PBXBuildFile; fileRef = FC9726CD24422EB400C30B2D /* Shark.swift */; };
		FC9726D524422EB400C30B2D /* BalloonMan.swift in Sources */ = {isa = PBXBuildFile; fileRef = FC9726CE24422EB400C30B2D /* BalloonMan.swift */; };
		FC9726D624422EB400C30B2D /* Model.swift in Sources */ = {isa = PBXBuildFile; fileRef = FC9726CF24422EB400C30B2D /* Model.swift */; };
		FC9726D724422EB400C30B2D /* DataModel.swift in Sources */ = {isa = PBXBuildFile; fileRef = FC9726D024422EB400C30B2D /* DataModel.swift */; };
		FC9726D824422EB400C30B2D /* WordManipulator.swift in Sources */ = {isa = PBXBuildFile; fileRef = FC9726D124422EB400C30B2D /* WordManipulator.swift */; };
		FC9726DE24422EE400C30B2D /* Controller.swift in Sources */ = {isa = PBXBuildFile; fileRef = FC9726DA24422EE300C30B2D /* Controller.swift */; };
		FC9726DF24422EE400C30B2D /* ViewController.swift in Sources */ = {isa = PBXBuildFile; fileRef = FC9726DB24422EE400C30B2D /* ViewController.swift */; };
		FC9726E024422EE400C30B2D /* TimeFractionProgressView.swift in Sources */ = {isa = PBXBuildFile; fileRef = FC9726DC24422EE400C30B2D /* TimeFractionProgressView.swift */; };
		FC9726E124422EE400C30B2D /* OpeningViewController.swift in Sources */ = {isa = PBXBuildFile; fileRef = FC9726DD24422EE400C30B2D /* OpeningViewController.swift */; };
		FC9726E6244232A000C30B2D /* Images in Resources */ = {isa = PBXBuildFile; fileRef = FC9726E5244232A000C30B2D /* Images */; };
/* End PBXBuildFile section */

/* Begin PBXFileReference section */
		33F11CB48137A8A9952C03BC /* Pods-SharkyWordFinder.release.xcconfig */ = {isa = PBXFileReference; includeInIndex = 1; lastKnownFileType = text.xcconfig; name = "Pods-SharkyWordFinder.release.xcconfig"; path = "Target Support Files/Pods-SharkyWordFinder/Pods-SharkyWordFinder.release.xcconfig"; sourceTree = "<group>"; };
		6751980F1493CA4C9E75D7BE /* Pods-SharkyWordFinder.debug.xcconfig */ = {isa = PBXFileReference; includeInIndex = 1; lastKnownFileType = text.xcconfig; name = "Pods-SharkyWordFinder.debug.xcconfig"; path = "Target Support Files/Pods-SharkyWordFinder/Pods-SharkyWordFinder.debug.xcconfig"; sourceTree = "<group>"; };
		D7A85428A68737DBC95F21AE /* libPods-SharkyWordFinder.a */ = {isa = PBXFileReference; explicitFileType = archive.ar; includeInIndex = 0; path = "libPods-SharkyWordFinder.a"; sourceTree = BUILT_PRODUCTS_DIR; };
		FC9726AE24422DA900C30B2D /* SharkyWordFinder.app */ = {isa = PBXFileReference; explicitFileType = wrapper.application; includeInIndex = 0; path = SharkyWordFinder.app; sourceTree = BUILT_PRODUCTS_DIR; };
		FC9726B124422DA900C30B2D /* AppDelegate.swift */ = {isa = PBXFileReference; lastKnownFileType = sourcecode.swift; path = AppDelegate.swift; sourceTree = "<group>"; };
		FC9726B324422DA900C30B2D /* SceneDelegate.swift */ = {isa = PBXFileReference; lastKnownFileType = sourcecode.swift; path = SceneDelegate.swift; sourceTree = "<group>"; };
		FC9726B824422DA900C30B2D /* Base */ = {isa = PBXFileReference; lastKnownFileType = file.storyboard; name = Base; path = Base.lproj/Main.storyboard; sourceTree = "<group>"; };
		FC9726BA24422DAB00C30B2D /* Assets.xcassets */ = {isa = PBXFileReference; lastKnownFileType = folder.assetcatalog; path = Assets.xcassets; sourceTree = "<group>"; };
		FC9726BD24422DAB00C30B2D /* Base */ = {isa = PBXFileReference; lastKnownFileType = file.storyboard; name = Base; path = Base.lproj/LaunchScreen.storyboard; sourceTree = "<group>"; };
		FC9726BF24422DAB00C30B2D /* Info.plist */ = {isa = PBXFileReference; lastKnownFileType = text.plist.xml; path = Info.plist; sourceTree = "<group>"; };
		FC9726CB24422EB400C30B2D /* UIButtonExtension.swift */ = {isa = PBXFileReference; fileEncoding = 4; lastKnownFileType = sourcecode.swift; path = UIButtonExtension.swift; sourceTree = "<group>"; };
		FC9726CC24422EB400C30B2D /* GameWord.swift */ = {isa = PBXFileReference; fileEncoding = 4; lastKnownFileType = sourcecode.swift; path = GameWord.swift; sourceTree = "<group>"; };
		FC9726CD24422EB400C30B2D /* Shark.swift */ = {isa = PBXFileReference; fileEncoding = 4; lastKnownFileType = sourcecode.swift; path = Shark.swift; sourceTree = "<group>"; };
		FC9726CE24422EB400C30B2D /* BalloonMan.swift */ = {isa = PBXFileReference; fileEncoding = 4; lastKnownFileType = sourcecode.swift; path = BalloonMan.swift; sourceTree = "<group>"; };
		FC9726CF24422EB400C30B2D /* Model.swift */ = {isa = PBXFileReference; fileEncoding = 4; lastKnownFileType = sourcecode.swift; path = Model.swift; sourceTree = "<group>"; };
		FC9726D024422EB400C30B2D /* DataModel.swift */ = {isa = PBXFileReference; fileEncoding = 4; lastKnownFileType = sourcecode.swift; path = DataModel.swift; sourceTree = "<group>"; };
		FC9726D124422EB400C30B2D /* WordManipulator.swift */ = {isa = PBXFileReference; fileEncoding = 4; lastKnownFileType = sourcecode.swift; path = WordManipulator.swift; sourceTree = "<group>"; };
		FC9726DA24422EE300C30B2D /* Controller.swift */ = {isa = PBXFileReference; fileEncoding = 4; lastKnownFileType = sourcecode.swift; path = Controller.swift; sourceTree = "<group>"; };
		FC9726DB24422EE400C30B2D /* ViewController.swift */ = {isa = PBXFileReference; fileEncoding = 4; lastKnownFileType = sourcecode.swift; path = ViewController.swift; sourceTree = "<group>"; };
		FC9726DC24422EE400C30B2D /* TimeFractionProgressView.swift */ = {isa = PBXFileReference; fileEncoding = 4; lastKnownFileType = sourcecode.swift; path = TimeFractionProgressView.swift; sourceTree = "<group>"; };
		FC9726DD24422EE400C30B2D /* OpeningViewController.swift */ = {isa = PBXFileReference; fileEncoding = 4; lastKnownFileType = sourcecode.swift; path = OpeningViewController.swift; sourceTree = "<group>"; };
		FC9726E5244232A000C30B2D /* Images */ = {isa = PBXFileReference; lastKnownFileType = folder; path = Images; sourceTree = "<group>"; };
/* End PBXFileReference section */

/* Begin PBXFrameworksBuildPhase section */
		FC9726AB24422DA900C30B2D /* Frameworks */ = {
			isa = PBXFrameworksBuildPhase;
			buildActionMask = 2147483647;
			files = (
			);
			runOnlyForDeploymentPostprocessing = 0;
		};
/* End PBXFrameworksBuildPhase section */

/* Begin PBXGroup section */
		716FC73063B762750DE25F19 /* Pods */ = {
			isa = PBXGroup;
			children = (
				6751980F1493CA4C9E75D7BE /* Pods-SharkyWordFinder.debug.xcconfig */,
				33F11CB48137A8A9952C03BC /* Pods-SharkyWordFinder.release.xcconfig */,
			);
			path = Pods;
			sourceTree = "<group>";
		};
		94E42CB33EBBB55C67CB7864 /* Frameworks */ = {
			isa = PBXGroup;
			children = (
				D7A85428A68737DBC95F21AE /* libPods-SharkyWordFinder.a */,
			);
			name = Frameworks;
			sourceTree = "<group>";
		};
		FC9726A524422DA900C30B2D = {
			isa = PBXGroup;
			children = (
				FC9726B024422DA900C30B2D /* SharkyWordFinder */,
				FC9726AF24422DA900C30B2D /* Products */,
				94E42CB33EBBB55C67CB7864 /* Frameworks */,
				716FC73063B762750DE25F19 /* Pods */,
			);
			sourceTree = "<group>";
		};
		FC9726AF24422DA900C30B2D /* Products */ = {
			isa = PBXGroup;
			children = (
				FC9726AE24422DA900C30B2D /* SharkyWordFinder.app */,
			);
			name = Products;
			sourceTree = "<group>";
		};
		FC9726B024422DA900C30B2D /* SharkyWordFinder */ = {
			isa = PBXGroup;
			children = (
				FC9726E224422F1000C30B2D /* View */,
				FC9726D924422EC900C30B2D /* Controller */,
				FC9726CA24422E9A00C30B2D /* Model */,
				FC9726B124422DA900C30B2D /* AppDelegate.swift */,
				FC9726B324422DA900C30B2D /* SceneDelegate.swift */,
				FC9726BA24422DAB00C30B2D /* Assets.xcassets */,
				FC9726E5244232A000C30B2D /* Images */,
				FC9726BC24422DAB00C30B2D /* LaunchScreen.storyboard */,
				FC9726BF24422DAB00C30B2D /* Info.plist */,
			);
			path = SharkyWordFinder;
			sourceTree = "<group>";
		};
		FC9726CA24422E9A00C30B2D /* Model */ = {
			isa = PBXGroup;
			children = (
				FC9726CE24422EB400C30B2D /* BalloonMan.swift */,
				FC9726D024422EB400C30B2D /* DataModel.swift */,
				FC9726CC24422EB400C30B2D /* GameWord.swift */,
				FC9726CF24422EB400C30B2D /* Model.swift */,
				FC9726CD24422EB400C30B2D /* Shark.swift */,
				FC9726CB24422EB400C30B2D /* UIButtonExtension.swift */,
				FC9726D124422EB400C30B2D /* WordManipulator.swift */,
			);
			path = Model;
			sourceTree = "<group>";
		};
		FC9726D924422EC900C30B2D /* Controller */ = {
			isa = PBXGroup;
			children = (
				FC9726DA24422EE300C30B2D /* Controller.swift */,
				FC9726DD24422EE400C30B2D /* OpeningViewController.swift */,
				FC9726DC24422EE400C30B2D /* TimeFractionProgressView.swift */,
				FC9726DB24422EE400C30B2D /* ViewController.swift */,
			);
			path = Controller;
			sourceTree = "<group>";
		};
		FC9726E224422F1000C30B2D /* View */ = {
			isa = PBXGroup;
			children = (
				FC9726B724422DA900C30B2D /* Main.storyboard */,
			);
			path = View;
			sourceTree = "<group>";
		};
/* End PBXGroup section */

/* Begin PBXNativeTarget section */
		FC9726AD24422DA900C30B2D /* SharkyWordFinder */ = {
			isa = PBXNativeTarget;
			buildConfigurationList = FC9726C224422DAB00C30B2D /* Build configuration list for PBXNativeTarget "SharkyWordFinder" */;
			buildPhases = (
				CE86940C3C620DCB258F45E9 /* [CP] Check Pods Manifest.lock */,
				FC9726AA24422DA900C30B2D /* Sources */,
				FC9726AB24422DA900C30B2D /* Frameworks */,
				FC9726AC24422DA900C30B2D /* Resources */,
			);
			buildRules = (
			);
			dependencies = (
			);
			name = SharkyWordFinder;
			productName = SharkyWordFinder;
			productReference = FC9726AE24422DA900C30B2D /* SharkyWordFinder.app */;
			productType = "com.apple.product-type.application";
		};
/* End PBXNativeTarget section */

/* Begin PBXProject section */
		FC9726A624422DA900C30B2D /* Project object */ = {
			isa = PBXProject;
			attributes = {
				LastSwiftUpdateCheck = 1130;
				LastUpgradeCheck = 1130;
				ORGANIZATIONNAME = "Kevin Smith";
				TargetAttributes = {
					FC9726AD24422DA900C30B2D = {
						CreatedOnToolsVersion = 11.3.1;
					};
				};
			};
			buildConfigurationList = FC9726A924422DA900C30B2D /* Build configuration list for PBXProject "SharkyWordFinder" */;
			compatibilityVersion = "Xcode 9.3";
			developmentRegion = en;
			hasScannedForEncodings = 0;
			knownRegions = (
				en,
				Base,
			);
			mainGroup = FC9726A524422DA900C30B2D;
			productRefGroup = FC9726AF24422DA900C30B2D /* Products */;
			projectDirPath = "";
			projectRoot = "";
			targets = (
				FC9726AD24422DA900C30B2D /* SharkyWordFinder */,
			);
		};
/* End PBXProject section */

/* Begin PBXResourcesBuildPhase section */
		FC9726AC24422DA900C30B2D /* Resources */ = {
			isa = PBXResourcesBuildPhase;
			buildActionMask = 2147483647;
			files = (
				FC9726E6244232A000C30B2D /* Images in Resources */,
				FC9726BE24422DAB00C30B2D /* LaunchScreen.storyboard in Resources */,
				FC9726BB24422DAB00C30B2D /* Assets.xcassets in Resources */,
				FC9726B924422DA900C30B2D /* Main.storyboard in Resources */,
			);
			runOnlyForDeploymentPostprocessing = 0;
		};
/* End PBXResourcesBuildPhase section */

/* Begin PBXShellScriptBuildPhase section */
		CE86940C3C620DCB258F45E9 /* [CP] Check Pods Manifest.lock */ = {
			isa = PBXShellScriptBuildPhase;
			buildActionMask = 2147483647;
			files = (
			);
			inputFileListPaths = (
			);
			inputPaths = (
				"${PODS_PODFILE_DIR_PATH}/Podfile.lock",
				"${PODS_ROOT}/Manifest.lock",
			);
			name = "[CP] Check Pods Manifest.lock";
			outputFileListPaths = (
			);
			outputPaths = (
				"$(DERIVED_FILE_DIR)/Pods-SharkyWordFinder-checkManifestLockResult.txt",
			);
			runOnlyForDeploymentPostprocessing = 0;
			shellPath = /bin/sh;
			shellScript = "diff \"${PODS_PODFILE_DIR_PATH}/Podfile.lock\" \"${PODS_ROOT}/Manifest.lock\" > /dev/null\nif [ $? != 0 ] ; then\n    # print error to STDERR\n    echo \"error: The sandbox is not in sync with the Podfile.lock. Run 'pod install' or update your CocoaPods installation.\" >&2\n    exit 1\nfi\n# This output is used by Xcode 'outputs' to avoid re-running this script phase.\necho \"SUCCESS\" > \"${SCRIPT_OUTPUT_FILE_0}\"\n";
			showEnvVarsInLog = 0;
		};
/* End PBXShellScriptBuildPhase section */

/* Begin PBXSourcesBuildPhase section */
		FC9726AA24422DA900C30B2D /* Sources */ = {
			isa = PBXSourcesBuildPhase;
			buildActionMask = 2147483647;
			files = (
				FC9726D424422EB400C30B2D /* Shark.swift in Sources */,
				FC9726E024422EE400C30B2D /* TimeFractionProgressView.swift in Sources */,
				FC9726DE24422EE400C30B2D /* Controller.swift in Sources */,
				FC9726D224422EB400C30B2D /* UIButtonExtension.swift in Sources */,
				FC9726D524422EB400C30B2D /* BalloonMan.swift in Sources */,
				FC9726B224422DA900C30B2D /* AppDelegate.swift in Sources */,
				FC9726DF24422EE400C30B2D /* ViewController.swift in Sources */,
				FC9726B424422DA900C30B2D /* SceneDelegate.swift in Sources */,
				FC9726E124422EE400C30B2D /* OpeningViewController.swift in Sources */,
				FC9726D824422EB400C30B2D /* WordManipulator.swift in Sources */,
				FC9726D324422EB400C30B2D /* GameWord.swift in Sources */,
				FC9726D624422EB400C30B2D /* Model.swift in Sources */,
				FC9726D724422EB400C30B2D /* DataModel.swift in Sources */,
			);
			runOnlyForDeploymentPostprocessing = 0;
		};
/* End PBXSourcesBuildPhase section */

/* Begin PBXVariantGroup section */
		FC9726B724422DA900C30B2D /* Main.storyboard */ = {
			isa = PBXVariantGroup;
			children = (
				FC9726B824422DA900C30B2D /* Base */,
			);
			name = Main.storyboard;
			sourceTree = "<group>";
		};
		FC9726BC24422DAB00C30B2D /* LaunchScreen.storyboard */ = {
			isa = PBXVariantGroup;
			children = (
				FC9726BD24422DAB00C30B2D /* Base */,
			);
			name = LaunchScreen.storyboard;
			sourceTree = "<group>";
		};
/* End PBXVariantGroup section */

/* Begin XCBuildConfiguration section */
		FC9726C024422DAB00C30B2D /* Debug */ = {
			isa = XCBuildConfiguration;
			buildSettings = {
				ALWAYS_SEARCH_USER_PATHS = NO;
				CLANG_ANALYZER_NONNULL = YES;
				CLANG_ANALYZER_NUMBER_OBJECT_CONVERSION = YES_AGGRESSIVE;
				CLANG_CXX_LANGUAGE_STANDARD = "gnu++14";
				CLANG_CXX_LIBRARY = "libc++";
				CLANG_ENABLE_MODULES = YES;
				CLANG_ENABLE_OBJC_ARC = YES;
				CLANG_ENABLE_OBJC_WEAK = YES;
				CLANG_WARN_BLOCK_CAPTURE_AUTORELEASING = YES;
				CLANG_WARN_BOOL_CONVERSION = YES;
				CLANG_WARN_COMMA = YES;
				CLANG_WARN_CONSTANT_CONVERSION = YES;
				CLANG_WARN_DEPRECATED_OBJC_IMPLEMENTATIONS = YES;
				CLANG_WARN_DIRECT_OBJC_ISA_USAGE = YES_ERROR;
				CLANG_WARN_DOCUMENTATION_COMMENTS = YES;
				CLANG_WARN_EMPTY_BODY = YES;
				CLANG_WARN_ENUM_CONVERSION = YES;
				CLANG_WARN_INFINITE_RECURSION = YES;
				CLANG_WARN_INT_CONVERSION = YES;
				CLANG_WARN_NON_LITERAL_NULL_CONVERSION = YES;
				CLANG_WARN_OBJC_IMPLICIT_RETAIN_SELF = YES;
				CLANG_WARN_OBJC_LITERAL_CONVERSION = YES;
				CLANG_WARN_OBJC_ROOT_CLASS = YES_ERROR;
				CLANG_WARN_RANGE_LOOP_ANALYSIS = YES;
				CLANG_WARN_STRICT_PROTOTYPES = YES;
				CLANG_WARN_SUSPICIOUS_MOVE = YES;
				CLANG_WARN_UNGUARDED_AVAILABILITY = YES_AGGRESSIVE;
				CLANG_WARN_UNREACHABLE_CODE = YES;
				CLANG_WARN__DUPLICATE_METHOD_MATCH = YES;
				COPY_PHASE_STRIP = NO;
				DEBUG_INFORMATION_FORMAT = dwarf;
				ENABLE_STRICT_OBJC_MSGSEND = YES;
				ENABLE_TESTABILITY = YES;
				FRAMEWORK_SEARCH_PATHS = "";
				"FRAMEWORK_SEARCH_PATHS[arch=*]" = "$(SRCROOT)";
				GCC_C_LANGUAGE_STANDARD = gnu11;
				GCC_DYNAMIC_NO_PIC = NO;
				GCC_NO_COMMON_BLOCKS = YES;
				GCC_OPTIMIZATION_LEVEL = 0;
				GCC_PREPROCESSOR_DEFINITIONS = (
					"DEBUG=1",
					"$(inherited)",
				);
				GCC_WARN_64_TO_32_BIT_CONVERSION = YES;
				GCC_WARN_ABOUT_RETURN_TYPE = YES_ERROR;
				GCC_WARN_UNDECLARED_SELECTOR = YES;
				GCC_WARN_UNINITIALIZED_AUTOS = YES_AGGRESSIVE;
				GCC_WARN_UNUSED_FUNCTION = YES;
				GCC_WARN_UNUSED_VARIABLE = YES;
				IPHONEOS_DEPLOYMENT_TARGET = 9.1;
				LD_RUNPATH_SEARCH_PATHS = "";
				MTL_ENABLE_DEBUG_INFO = INCLUDE_SOURCE;
				MTL_FAST_MATH = YES;
				ONLY_ACTIVE_ARCH = YES;
				SDKROOT = iphoneos;
				SWIFT_ACTIVE_COMPILATION_CONDITIONS = DEBUG;
				SWIFT_OPTIMIZATION_LEVEL = "-Onone";
			};
			name = Debug;
		};
		FC9726C124422DAB00C30B2D /* Release */ = {
			isa = XCBuildConfiguration;
			buildSettings = {
				ALWAYS_SEARCH_USER_PATHS = NO;
				CLANG_ANALYZER_NONNULL = YES;
				CLANG_ANALYZER_NUMBER_OBJECT_CONVERSION = YES_AGGRESSIVE;
				CLANG_CXX_LANGUAGE_STANDARD = "gnu++14";
				CLANG_CXX_LIBRARY = "libc++";
				CLANG_ENABLE_MODULES = YES;
				CLANG_ENABLE_OBJC_ARC = YES;
				CLANG_ENABLE_OBJC_WEAK = YES;
				CLANG_WARN_BLOCK_CAPTURE_AUTORELEASING = YES;
				CLANG_WARN_BOOL_CONVERSION = YES;
				CLANG_WARN_COMMA = YES;
				CLANG_WARN_CONSTANT_CONVERSION = YES;
				CLANG_WARN_DEPRECATED_OBJC_IMPLEMENTATIONS = YES;
				CLANG_WARN_DIRECT_OBJC_ISA_USAGE = YES_ERROR;
				CLANG_WARN_DOCUMENTATION_COMMENTS = YES;
				CLANG_WARN_EMPTY_BODY = YES;
				CLANG_WARN_ENUM_CONVERSION = YES;
				CLANG_WARN_INFINITE_RECURSION = YES;
				CLANG_WARN_INT_CONVERSION = YES;
				CLANG_WARN_NON_LITERAL_NULL_CONVERSION = YES;
				CLANG_WARN_OBJC_IMPLICIT_RETAIN_SELF = YES;
				CLANG_WARN_OBJC_LITERAL_CONVERSION = YES;
				CLANG_WARN_OBJC_ROOT_CLASS = YES_ERROR;
				CLANG_WARN_RANGE_LOOP_ANALYSIS = YES;
				CLANG_WARN_STRICT_PROTOTYPES = YES;
				CLANG_WARN_SUSPICIOUS_MOVE = YES;
				CLANG_WARN_UNGUARDED_AVAILABILITY = YES_AGGRESSIVE;
				CLANG_WARN_UNREACHABLE_CODE = YES;
				CLANG_WARN__DUPLICATE_METHOD_MATCH = YES;
				COPY_PHASE_STRIP = NO;
				DEBUG_INFORMATION_FORMAT = "dwarf-with-dsym";
				ENABLE_NS_ASSERTIONS = NO;
				ENABLE_STRICT_OBJC_MSGSEND = YES;
				FRAMEWORK_SEARCH_PATHS = "$(SRCROOT)/**";
				GCC_C_LANGUAGE_STANDARD = gnu11;
				GCC_NO_COMMON_BLOCKS = YES;
				GCC_WARN_64_TO_32_BIT_CONVERSION = YES;
				GCC_WARN_ABOUT_RETURN_TYPE = YES_ERROR;
				GCC_WARN_UNDECLARED_SELECTOR = YES;
				GCC_WARN_UNINITIALIZED_AUTOS = YES_AGGRESSIVE;
				GCC_WARN_UNUSED_FUNCTION = YES;
				GCC_WARN_UNUSED_VARIABLE = YES;
				IPHONEOS_DEPLOYMENT_TARGET = 9.1;
				MTL_ENABLE_DEBUG_INFO = NO;
				MTL_FAST_MATH = YES;
				SDKROOT = iphoneos;
				SWIFT_COMPILATION_MODE = wholemodule;
				SWIFT_OPTIMIZATION_LEVEL = "-O";
				VALIDATE_PRODUCT = YES;
			};
			name = Release;
		};
		FC9726C324422DAB00C30B2D /* Debug */ = {
			isa = XCBuildConfiguration;
			baseConfigurationReference = 6751980F1493CA4C9E75D7BE /* Pods-SharkyWordFinder.debug.xcconfig */;
			buildSettings = {
				ASSETCATALOG_COMPILER_APPICON_NAME = AppIcon;
				CODE_SIGN_STYLE = Automatic;
				DEVELOPMENT_TEAM = W3YL9WH5N9;
				FRAMEWORK_SEARCH_PATHS = (
					"$(inherited)",
					"\"${PODS_CONFIGURATION_BUILD_DIR}/CircleProgressBar\"",
					/Users/kevinstewartsmithsmith/git/App_Development/SharkyWordFinder/SharkyWordFinder,
				);
				"FRAMEWORK_SEARCH_PATHS[arch=*]" = "$(SRCROOT)/pods/**";
				INFOPLIST_FILE = SharkyWordFinder/Info.plist;
				LD_RUNPATH_SEARCH_PATHS = (
					"$(inherited)",
					"@executable_path/Frameworks",
				);
				PRODUCT_BUNDLE_IDENTIFIER = com.ksmithmedia.SharkyWordFinder;
				PRODUCT_NAME = "$(TARGET_NAME)";
				SWIFT_VERSION = 5.0;
				"SYSTEM_FRAMEWORK_SEARCH_PATHS[sdk=iphoneos*]" = /Users/kevinstewartsmithsmith/git/App_Development/SharkyWordFinder/SharkyWordFinder;
				TARGETED_DEVICE_FAMILY = "1,2";
			};
			name = Debug;
		};
		FC9726C424422DAB00C30B2D /* Release */ = {
			isa = XCBuildConfiguration;
			baseConfigurationReference = 33F11CB48137A8A9952C03BC /* Pods-SharkyWordFinder.release.xcconfig */;
			buildSettings = {
				ASSETCATALOG_COMPILER_APPICON_NAME = AppIcon;
				CODE_SIGN_STYLE = Automatic;
				DEVELOPMENT_TEAM = W3YL9WH5N9;
				FRAMEWORK_SEARCH_PATHS = (
					"$(inherited)",
					"$(SRCROOT)/**",
					"\"${PODS_CONFIGURATION_BUILD_DIR}/CircleProgressBar\"",
				);
				INFOPLIST_FILE = SharkyWordFinder/Info.plist;
				LD_RUNPATH_SEARCH_PATHS = (
					"$(inherited)",
					"@executable_path/Frameworks",
				);
				PRODUCT_BUNDLE_IDENTIFIER = com.ksmithmedia.SharkyWordFinder;
				PRODUCT_NAME = "$(TARGET_NAME)";
				SWIFT_VERSION = 5.0;
				SYSTEM_FRAMEWORK_SEARCH_PATHS = /Users/kevinstewartsmithsmith/git/App_Development/SharkyWordFinder/SharkyWordFinder;
				TARGETED_DEVICE_FAMILY = "1,2";
			};
			name = Release;
		};
/* End XCBuildConfiguration section */

/* Begin XCConfigurationList section */
		FC9726A924422DA900C30B2D /* Build configuration list for PBXProject "SharkyWordFinder" */ = {
			isa = XCConfigurationList;
			buildConfigurations = (
				FC9726C024422DAB00C30B2D /* Debug */,
				FC9726C124422DAB00C30B2D /* Release */,
			);
			defaultConfigurationIsVisible = 0;
			defaultConfigurationName = Release;
		};
		FC9726C224422DAB00C30B2D /* Build configuration list for PBXNativeTarget "SharkyWordFinder" */ = {
			isa = XCConfigurationList;
			buildConfigurations = (
				FC9726C324422DAB00C30B2D /* Debug */,
				FC9726C424422DAB00C30B2D /* Release */,
			);
			defaultConfigurationIsVisible = 0;
			defaultConfigurationName = Release;
		};
/* End XCConfigurationList section */
	};
	rootObject = FC9726A624422DA900C30B2D /* Project object */;
}
